
Microsoft Visual Studio Solution File, Format Version 11.00
# Visual Studio 2010
Project("{FAE04EC0-301F-11D3-BF4B-00C04F79EFBC}") = "RoguePickPocket", "RoguePickPocket\RoguePickPocket.csproj", "{843DCBC3-1A42-45B9-A7E1-BC14621BD88D}"
EndProject
Global
	GlobalSection(SolutionConfigurationPlatforms) = preSolution
		Debug|Any CPU = Debug|Any CPU
		Release|Any CPU = Release|Any CPU
	EndGlobalSection
	GlobalSection(ProjectConfigurationPlatforms) = postSolution
		{843DCBC3-1A42-45B9-A7E1-BC14621BD88D}.Debug|Any CPU.ActiveCfg = Debug|Any CPU
		{843DCBC3-1A42-45B9-A7E1-BC14621BD88D}.Debug|Any CPU.Build.0 = Debug|Any CPU
		{843DCBC3-1A42-45B9-A7E1-BC14621BD88D}.Release|Any CPU.ActiveCfg = Release|Any CPU
		{843DCBC3-1A42-45B9-A7E1-BC14621BD88D}.Release|Any CPU.Build.0 = Release|Any CPU
	EndGlobalSection
	GlobalSection(SolutionProperties) = preSolution
		HideSolutionNode = FALSE
	EndGlobalSection
EndGlobal
